// !$*UTF8*$!
{
	archiveVersion = 1;
	classes = {
	};
	objectVersion = 56;
	objects = {

/* Begin PBXBuildFile section */
		45B67C6C5C6032B4931A1166 /* Pods_Lunchify.framework in Frameworks */ = {isa = PBXBuildFile; fileRef = 4218DCB98AA93DE5CE4F4669 /* Pods_Lunchify.framework */; };
		6F89A3652CC0E53D006DD8B5 /* LunchifyApp.swift in Sources */ = {isa = PBXBuildFile; fileRef = 6F89A3642CC0E53D006DD8B5 /* LunchifyApp.swift */; };
		6F89A3672CC0E53D006DD8B5 /* ContentView.swift in Sources */ = {isa = PBXBuildFile; fileRef = 6F89A3662CC0E53D006DD8B5 /* ContentView.swift */; };
		6F89A3692CC0E53D006DD8B5 /* Item.swift in Sources */ = {isa = PBXBuildFile; fileRef = 6F89A3682CC0E53D006DD8B5 /* Item.swift */; };
		6F89A36B2CC0E540006DD8B5 /* Assets.xcassets in Resources */ = {isa = PBXBuildFile; fileRef = 6F89A36A2CC0E540006DD8B5 /* Assets.xcassets */; };
		6F89A36E2CC0E540006DD8B5 /* Preview Assets.xcassets in Resources */ = {isa = PBXBuildFile; fileRef = 6F89A36D2CC0E540006DD8B5 /* Preview Assets.xcassets */; };
		6FCC39792CD966E6008E6C41 /* .gitignore in Resources */ = {isa = PBXBuildFile; fileRef = 6FCC39782CD966E6008E6C41 /* .gitignore */; };
/* End PBXBuildFile section */

/* Begin PBXFileReference section */
		249580C1592A94EBF2D90C76 /* Pods-Lunchify.release.xcconfig */ = {isa = PBXFileReference; includeInIndex = 1; lastKnownFileType = text.xcconfig; name = "Pods-Lunchify.release.xcconfig"; path = "Target Support Files/Pods-Lunchify/Pods-Lunchify.release.xcconfig"; sourceTree = "<group>"; };
		4218DCB98AA93DE5CE4F4669 /* Pods_Lunchify.framework */ = {isa = PBXFileReference; explicitFileType = wrapper.framework; includeInIndex = 0; path = Pods_Lunchify.framework; sourceTree = BUILT_PRODUCTS_DIR; };
		6F89A3612CC0E53D006DD8B5 /* Lunchify.app */ = {isa = PBXFileReference; explicitFileType = wrapper.application; includeInIndex = 0; path = Lunchify.app; sourceTree = BUILT_PRODUCTS_DIR; };
		6F89A3642CC0E53D006DD8B5 /* LunchifyApp.swift */ = {isa = PBXFileReference; lastKnownFileType = sourcecode.swift; path = LunchifyApp.swift; sourceTree = "<group>"; };
		6F89A3662CC0E53D006DD8B5 /* ContentView.swift */ = {isa = PBXFileReference; lastKnownFileType = sourcecode.swift; path = ContentView.swift; sourceTree = "<group>"; };
		6F89A3682CC0E53D006DD8B5 /* Item.swift */ = {isa = PBXFileReference; lastKnownFileType = sourcecode.swift; path = Item.swift; sourceTree = "<group>"; };
		6F89A36A2CC0E540006DD8B5 /* Assets.xcassets */ = {isa = PBXFileReference; lastKnownFileType = folder.assetcatalog; path = Assets.xcassets; sourceTree = "<group>"; };
		6F89A36D2CC0E540006DD8B5 /* Preview Assets.xcassets */ = {isa = PBXFileReference; lastKnownFileType = folder.assetcatalog; path = "Preview Assets.xcassets"; sourceTree = "<group>"; };
		6FCC39782CD966E6008E6C41 /* .gitignore */ = {isa = PBXFileReference; lastKnownFileType = text; path = .gitignore; sourceTree = "<group>"; };
		88312F63991BF6AABBF765AC /* Pods-Lunchify.debug.xcconfig */ = {isa = PBXFileReference; includeInIndex = 1; lastKnownFileType = text.xcconfig; name = "Pods-Lunchify.debug.xcconfig"; path = "Target Support Files/Pods-Lunchify/Pods-Lunchify.debug.xcconfig"; sourceTree = "<group>"; };
/* End PBXFileReference section */

/* Begin PBXFrameworksBuildPhase section */
		6F89A35E2CC0E53D006DD8B5 /* Frameworks */ = {
			isa = PBXFrameworksBuildPhase;
			buildActionMask = 2147483647;
			files = (
				45B67C6C5C6032B4931A1166 /* Pods_Lunchify.framework in Frameworks */,
			);
			runOnlyForDeploymentPostprocessing = 0;
		};
/* End PBXFrameworksBuildPhase section */

/* Begin PBXGroup section */
		6F89A3582CC0E53D006DD8B5 = {
			isa = PBXGroup;
			children = (
				6FCC39782CD966E6008E6C41 /* .gitignore */,
				6F89A3632CC0E53D006DD8B5 /* Lunchify */,
				6F89A3622CC0E53D006DD8B5 /* Products */,
				A8825167E0686C126BFA14F0 /* Pods */,
				F69C4C18A45A48DA9CAAD02F /* Frameworks */,
			);
			sourceTree = "<group>";
		};
		6F89A3622CC0E53D006DD8B5 /* Products */ = {
			isa = PBXGroup;
			children = (
				6F89A3612CC0E53D006DD8B5 /* Lunchify.app */,
			);
			name = Products;
			sourceTree = "<group>";
		};
		6F89A3632CC0E53D006DD8B5 /* Lunchify */ = {
			isa = PBXGroup;
			children = (
				6F89A3642CC0E53D006DD8B5 /* LunchifyApp.swift */,
				6F89A3662CC0E53D006DD8B5 /* ContentView.swift */,
				6F89A3682CC0E53D006DD8B5 /* Item.swift */,
				6F89A36A2CC0E540006DD8B5 /* Assets.xcassets */,
				6F89A36C2CC0E540006DD8B5 /* Preview Content */,
			);
			path = Lunchify;
			sourceTree = "<group>";
		};
		6F89A36C2CC0E540006DD8B5 /* Preview Content */ = {
			isa = PBXGroup;
			children = (
				6F89A36D2CC0E540006DD8B5 /* Preview Assets.xcassets */,
			);
			path = "Preview Content";
			sourceTree = "<group>";
		};
		A8825167E0686C126BFA14F0 /* Pods */ = {
			isa = PBXGroup;
			children = (
				88312F63991BF6AABBF765AC /* Pods-Lunchify.debug.xcconfig */,
				249580C1592A94EBF2D90C76 /* Pods-Lunchify.release.xcconfig */,
			);
			path = Pods;
			sourceTree = "<group>";
		};
		F69C4C18A45A48DA9CAAD02F /* Frameworks */ = {
			isa = PBXGroup;
			children = (
				4218DCB98AA93DE5CE4F4669 /* Pods_Lunchify.framework */,
			);
			name = Frameworks;
			sourceTree = "<group>";
		};
/* End PBXGroup section */

/* Begin PBXNativeTarget section */
		6F89A3602CC0E53D006DD8B5 /* Lunchify */ = {
			isa = PBXNativeTarget;
			buildConfigurationList = 6F89A3712CC0E540006DD8B5 /* Build configuration list for PBXNativeTarget "Lunchify" */;
			buildPhases = (
				FF89720B877F6F238031B3A6 /* [CP] Check Pods Manifest.lock */,
				6F89A35D2CC0E53D006DD8B5 /* Sources */,
				6F89A35E2CC0E53D006DD8B5 /* Frameworks */,
				6F89A35F2CC0E53D006DD8B5 /* Resources */,
				6F2CE9142CDA16810043FF6F /* ShellScript */,
			);
			buildRules = (
			);
			dependencies = (
			);
			name = Lunchify;
			productName = Lunchify;
			productReference = 6F89A3612CC0E53D006DD8B5 /* Lunchify.app */;
			productType = "com.apple.product-type.application";
		};
/* End PBXNativeTarget section */

/* Begin PBXProject section */
		6F89A3592CC0E53D006DD8B5 /* Project object */ = {
			isa = PBXProject;
			attributes = {
				BuildIndependentTargetsInParallel = 1;
				LastSwiftUpdateCheck = 1520;
				LastUpgradeCheck = 1520;
				TargetAttributes = {
					6F89A3602CC0E53D006DD8B5 = {
						CreatedOnToolsVersion = 15.2;
					};
				};
			};
			buildConfigurationList = 6F89A35C2CC0E53D006DD8B5 /* Build configuration list for PBXProject "Lunchify" */;
			compatibilityVersion = "Xcode 14.0";
			developmentRegion = en;
			hasScannedForEncodings = 0;
			knownRegions = (
				en,
				Base,
			);
			mainGroup = 6F89A3582CC0E53D006DD8B5;
			productRefGroup = 6F89A3622CC0E53D006DD8B5 /* Products */;
			projectDirPath = "";
			projectRoot = "";
			targets = (
				6F89A3602CC0E53D006DD8B5 /* Lunchify */,
			);
		};
/* End PBXProject section */

/* Begin PBXResourcesBuildPhase section */
		6F89A35F2CC0E53D006DD8B5 /* Resources */ = {
			isa = PBXResourcesBuildPhase;
			buildActionMask = 2147483647;
			files = (
				6F89A36E2CC0E540006DD8B5 /* Preview Assets.xcassets in Resources */,
				6FCC39792CD966E6008E6C41 /* .gitignore in Resources */,
				6F89A36B2CC0E540006DD8B5 /* Assets.xcassets in Resources */,
			);
			runOnlyForDeploymentPostprocessing = 0;
		};
/* End PBXResourcesBuildPhase section */

/* Begin PBXShellScriptBuildPhase section */
		6F2CE9142CDA16810043FF6F /* ShellScript */ = {
			isa = PBXShellScriptBuildPhase;
			buildActionMask = 2147483647;
			files = (
			);
			inputFileListPaths = (
			);
			inputPaths = (
			);
			outputFileListPaths = (
			);
			outputPaths = (
			);
			runOnlyForDeploymentPostprocessing = 0;
			shellPath = /bin/sh;
			shellScript = "\"${PODS_ROOT}/SwiftLint/swiftlint\"\n";
		};
		FF89720B877F6F238031B3A6 /* [CP] Check Pods Manifest.lock */ = {
			isa = PBXShellScriptBuildPhase;
			buildActionMask = 2147483647;
			files = (
			);
			inputFileListPaths = (
			);
			inputPaths = (
				"${PODS_PODFILE_DIR_PATH}/Podfile.lock",
				"${PODS_ROOT}/Manifest.lock",
			);
			name = "[CP] Check Pods Manifest.lock";
			outputFileListPaths = (
			);
			outputPaths = (
				"$(DERIVED_FILE_DIR)/Pods-Lunchify-checkManifestLockResult.txt",
			);
			runOnlyForDeploymentPostprocessing = 0;
			shellPath = /bin/sh;
			shellScript = "diff \"${PODS_PODFILE_DIR_PATH}/Podfile.lock\" \"${PODS_ROOT}/Manifest.lock\" > /dev/null\nif [ $? != 0 ] ; then\n    # print error to STDERR\n    echo \"error: The sandbox is not in sync with the Podfile.lock. Run 'pod install' or update your CocoaPods installation.\" >&2\n    exit 1\nfi\n# This output is used by Xcode 'outputs' to avoid re-running this script phase.\necho \"SUCCESS\" > \"${SCRIPT_OUTPUT_FILE_0}\"\n";
			showEnvVarsInLog = 0;
		};
/* End PBXShellScriptBuildPhase section */

/* Begin PBXSourcesBuildPhase section */
		6F89A35D2CC0E53D006DD8B5 /* Sources */ = {
			isa = PBXSourcesBuildPhase;
			buildActionMask = 2147483647;
			files = (
				6F89A3672CC0E53D006DD8B5 /* ContentView.swift in Sources */,
				6F89A3692CC0E53D006DD8B5 /* Item.swift in Sources */,
				6F89A3652CC0E53D006DD8B5 /* LunchifyApp.swift in Sources */,
			);
			runOnlyForDeploymentPostprocessing = 0;
		};
/* End PBXSourcesBuildPhase section */

/* Begin XCBuildConfiguration section */
		6F89A36F2CC0E540006DD8B5 /* Debug */ = {
			isa = XCBuildConfiguration;
			buildSettings = {
				ALWAYS_SEARCH_USER_PATHS = NO;
				ASSETCATALOG_COMPILER_GENERATE_SWIFT_ASSET_SYMBOL_EXTENSIONS = YES;
				CLANG_ANALYZER_NONNULL = YES;
				CLANG_ANALYZER_NUMBER_OBJECT_CONVERSION = YES_AGGRESSIVE;
				CLANG_CXX_LANGUAGE_STANDARD = "gnu++20";
				CLANG_ENABLE_MODULES = YES;
				CLANG_ENABLE_OBJC_ARC = YES;
				CLANG_ENABLE_OBJC_WEAK = YES;
				CLANG_WARN_BLOCK_CAPTURE_AUTORELEASING = YES;
				CLANG_WARN_BOOL_CONVERSION = YES;
				CLANG_WARN_COMMA = YES;
				CLANG_WARN_CONSTANT_CONVERSION = YES;
				CLANG_WARN_DEPRECATED_OBJC_IMPLEMENTATIONS = YES;
				CLANG_WARN_DIRECT_OBJC_ISA_USAGE = YES_ERROR;
				CLANG_WARN_DOCUMENTATION_COMMENTS = YES;
				CLANG_WARN_EMPTY_BODY = YES;
				CLANG_WARN_ENUM_CONVERSION = YES;
				CLANG_WARN_INFINITE_RECURSION = YES;
				CLANG_WARN_INT_CONVERSION = YES;
				CLANG_WARN_NON_LITERAL_NULL_CONVERSION = YES;
				CLANG_WARN_OBJC_IMPLICIT_RETAIN_SELF = YES;
				CLANG_WARN_OBJC_LITERAL_CONVERSION = YES;
				CLANG_WARN_OBJC_ROOT_CLASS = YES_ERROR;
				CLANG_WARN_QUOTED_INCLUDE_IN_FRAMEWORK_HEADER = YES;
				CLANG_WARN_RANGE_LOOP_ANALYSIS = YES;
				CLANG_WARN_STRICT_PROTOTYPES = YES;
				CLANG_WARN_SUSPICIOUS_MOVE = YES;
				CLANG_WARN_UNGUARDED_AVAILABILITY = YES_AGGRESSIVE;
				CLANG_WARN_UNREACHABLE_CODE = YES;
				CLANG_WARN__DUPLICATE_METHOD_MATCH = YES;
				COPY_PHASE_STRIP = NO;
				DEBUG_INFORMATION_FORMAT = dwarf;
				ENABLE_STRICT_OBJC_MSGSEND = YES;
				ENABLE_TESTABILITY = YES;
				ENABLE_USER_SCRIPT_SANDBOXING = YES;
				GCC_C_LANGUAGE_STANDARD = gnu17;
				GCC_DYNAMIC_NO_PIC = NO;
				GCC_NO_COMMON_BLOCKS = YES;
				GCC_OPTIMIZATION_LEVEL = 0;
				GCC_PREPROCESSOR_DEFINITIONS = (
					"DEBUG=1",
					"$(inherited)",
				);
				GCC_WARN_64_TO_32_BIT_CONVERSION = YES;
				GCC_WARN_ABOUT_RETURN_TYPE = YES_ERROR;
				GCC_WARN_UNDECLARED_SELECTOR = YES;
				GCC_WARN_UNINITIALIZED_AUTOS = YES_AGGRESSIVE;
				GCC_WARN_UNUSED_FUNCTION = YES;
				GCC_WARN_UNUSED_VARIABLE = YES;
				IPHONEOS_DEPLOYMENT_TARGET = 17.2;
				LOCALIZATION_PREFERS_STRING_CATALOGS = YES;
				MTL_ENABLE_DEBUG_INFO = INCLUDE_SOURCE;
				MTL_FAST_MATH = YES;
				ONLY_ACTIVE_ARCH = YES;
				SDKROOT = iphoneos;
				SWIFT_ACTIVE_COMPILATION_CONDITIONS = "DEBUG $(inherited)";
				SWIFT_OPTIMIZATION_LEVEL = "-Onone";
			};
			name = Debug;
		};
		6F89A3702CC0E540006DD8B5 /* Release */ = {
			isa = XCBuildConfiguration;
			buildSettings = {
				ALWAYS_SEARCH_USER_PATHS = NO;
				ASSETCATALOG_COMPILER_GENERATE_SWIFT_ASSET_SYMBOL_EXTENSIONS = YES;
				CLANG_ANALYZER_NONNULL = YES;
				CLANG_ANALYZER_NUMBER_OBJECT_CONVERSION = YES_AGGRESSIVE;
				CLANG_CXX_LANGUAGE_STANDARD = "gnu++20";
				CLANG_ENABLE_MODULES = YES;
				CLANG_ENABLE_OBJC_ARC = YES;
				CLANG_ENABLE_OBJC_WEAK = YES;
				CLANG_WARN_BLOCK_CAPTURE_AUTORELEASING = YES;
				CLANG_WARN_BOOL_CONVERSION = YES;
				CLANG_WARN_COMMA = YES;
				CLANG_WARN_CONSTANT_CONVERSION = YES;
				CLANG_WARN_DEPRECATED_OBJC_IMPLEMENTATIONS = YES;
				CLANG_WARN_DIRECT_OBJC_ISA_USAGE = YES_ERROR;
				CLANG_WARN_DOCUMENTATION_COMMENTS = YES;
				CLANG_WARN_EMPTY_BODY = YES;
				CLANG_WARN_ENUM_CONVERSION = YES;
				CLANG_WARN_INFINITE_RECURSION = YES;
				CLANG_WARN_INT_CONVERSION = YES;
				CLANG_WARN_NON_LITERAL_NULL_CONVERSION = YES;
				CLANG_WARN_OBJC_IMPLICIT_RETAIN_SELF = YES;
				CLANG_WARN_OBJC_LITERAL_CONVERSION = YES;
				CLANG_WARN_OBJC_ROOT_CLASS = YES_ERROR;
				CLANG_WARN_QUOTED_INCLUDE_IN_FRAMEWORK_HEADER = YES;
				CLANG_WARN_RANGE_LOOP_ANALYSIS = YES;
				CLANG_WARN_STRICT_PROTOTYPES = YES;
				CLANG_WARN_SUSPICIOUS_MOVE = YES;
				CLANG_WARN_UNGUARDED_AVAILABILITY = YES_AGGRESSIVE;
				CLANG_WARN_UNREACHABLE_CODE = YES;
				CLANG_WARN__DUPLICATE_METHOD_MATCH = YES;
				COPY_PHASE_STRIP = NO;
				DEBUG_INFORMATION_FORMAT = "dwarf-with-dsym";
				ENABLE_NS_ASSERTIONS = NO;
				ENABLE_STRICT_OBJC_MSGSEND = YES;
				ENABLE_USER_SCRIPT_SANDBOXING = YES;
				GCC_C_LANGUAGE_STANDARD = gnu17;
				GCC_NO_COMMON_BLOCKS = YES;
				GCC_WARN_64_TO_32_BIT_CONVERSION = YES;
				GCC_WARN_ABOUT_RETURN_TYPE = YES_ERROR;
				GCC_WARN_UNDECLARED_SELECTOR = YES;
				GCC_WARN_UNINITIALIZED_AUTOS = YES_AGGRESSIVE;
				GCC_WARN_UNUSED_FUNCTION = YES;
				GCC_WARN_UNUSED_VARIABLE = YES;
				IPHONEOS_DEPLOYMENT_TARGET = 17.2;
				LOCALIZATION_PREFERS_STRING_CATALOGS = YES;
				MTL_ENABLE_DEBUG_INFO = NO;
				MTL_FAST_MATH = YES;
				SDKROOT = iphoneos;
				SWIFT_COMPILATION_MODE = wholemodule;
				VALIDATE_PRODUCT = YES;
			};
			name = Release;
		};
		6F89A3722CC0E540006DD8B5 /* Debug */ = {
			isa = XCBuildConfiguration;
			baseConfigurationReference = 88312F63991BF6AABBF765AC /* Pods-Lunchify.debug.xcconfig */;
			buildSettings = {
				ASSETCATALOG_COMPILER_APPICON_NAME = AppIcon;
				ASSETCATALOG_COMPILER_GLOBAL_ACCENT_COLOR_NAME = AccentColor;
				CODE_SIGN_STYLE = Automatic;
				CURRENT_PROJECT_VERSION = 1;
				DEVELOPMENT_ASSET_PATHS = "\"Lunchify/Preview Content\"";
				ENABLE_PREVIEWS = YES;
				ENABLE_USER_SCRIPT_SANDBOXING = NO;
				GENERATE_INFOPLIST_FILE = YES;
				INFOPLIST_KEY_UIApplicationSceneManifest_Generation = YES;
				INFOPLIST_KEY_UIApplicationSupportsIndirectInputEvents = YES;
				INFOPLIST_KEY_UILaunchScreen_Generation = YES;
				INFOPLIST_KEY_UISupportedInterfaceOrientations_iPad = "UIInterfaceOrientationPortrait UIInterfaceOrientationPortraitUpsideDown UIInterfaceOrientationLandscapeLeft UIInterfaceOrientationLandscapeRight";
				INFOPLIST_KEY_UISupportedInterfaceOrientations_iPhone = "UIInterfaceOrientationPortrait UIInterfaceOrientationLandscapeLeft UIInterfaceOrientationLandscapeRight";
				LD_RUNPATH_SEARCH_PATHS = (
					"$(inherited)",
					"@executable_path/Frameworks",
				);
				MARKETING_VERSION = 1.0;
				PRODUCT_BUNDLE_IDENTIFIER = amarC.Lunchify;
				PRODUCT_NAME = "$(TARGET_NAME)";
				SWIFT_EMIT_LOC_STRINGS = YES;
				SWIFT_VERSION = 5.0;
				TARGETED_DEVICE_FAMILY = "1,2";
			};
			name = Debug;
		};
		6F89A3732CC0E540006DD8B5 /* Release */ = {
			isa = XCBuildConfiguration;
			baseConfigurationReference = 249580C1592A94EBF2D90C76 /* Pods-Lunchify.release.xcconfig */;
			buildSettings = {
				ASSETCATALOG_COMPILER_APPICON_NAME = AppIcon;
				ASSETCATALOG_COMPILER_GLOBAL_ACCENT_COLOR_NAME = AccentColor;
				CODE_SIGN_STYLE = Automatic;
				CURRENT_PROJECT_VERSION = 1;
				DEVELOPMENT_ASSET_PATHS = "\"Lunchify/Preview Content\"";
				ENABLE_PREVIEWS = YES;
				ENABLE_USER_SCRIPT_SANDBOXING = NO;
				GENERATE_INFOPLIST_FILE = YES;
				INFOPLIST_KEY_UIApplicationSceneManifest_Generation = YES;
				INFOPLIST_KEY_UIApplicationSupportsIndirectInputEvents = YES;
				INFOPLIST_KEY_UILaunchScreen_Generation = YES;
				INFOPLIST_KEY_UISupportedInterfaceOrientations_iPad = "UIInterfaceOrientationPortrait UIInterfaceOrientationPortraitUpsideDown UIInterfaceOrientationLandscapeLeft UIInterfaceOrientationLandscapeRight";
				INFOPLIST_KEY_UISupportedInterfaceOrientations_iPhone = "UIInterfaceOrientationPortrait UIInterfaceOrientationLandscapeLeft UIInterfaceOrientationLandscapeRight";
				LD_RUNPATH_SEARCH_PATHS = (
					"$(inherited)",
					"@executable_path/Frameworks",
				);
				MARKETING_VERSION = 1.0;
				PRODUCT_BUNDLE_IDENTIFIER = amarC.Lunchify;
				PRODUCT_NAME = "$(TARGET_NAME)";
				SWIFT_EMIT_LOC_STRINGS = YES;
				SWIFT_VERSION = 5.0;
				TARGETED_DEVICE_FAMILY = "1,2";
			};
			name = Release;
		};
/* End XCBuildConfiguration section */

/* Begin XCConfigurationList section */
		6F89A35C2CC0E53D006DD8B5 /* Build configuration list for PBXProject "Lunchify" */ = {
			isa = XCConfigurationList;
			buildConfigurations = (
				6F89A36F2CC0E540006DD8B5 /* Debug */,
				6F89A3702CC0E540006DD8B5 /* Release */,
			);
			defaultConfigurationIsVisible = 0;
			defaultConfigurationName = Release;
		};
		6F89A3712CC0E540006DD8B5 /* Build configuration list for PBXNativeTarget "Lunchify" */ = {
			isa = XCConfigurationList;
			buildConfigurations = (
				6F89A3722CC0E540006DD8B5 /* Debug */,
				6F89A3732CC0E540006DD8B5 /* Release */,
			);
			defaultConfigurationIsVisible = 0;
			defaultConfigurationName = Release;
		};
/* End XCConfigurationList section */
	};
	rootObject = 6F89A3592CC0E53D006DD8B5 /* Project object */;
}
